
Microsoft Visual Studio Solution File, Format Version 12.00
# Visual Studio Version 17
VisualStudioVersion = 17.10.35013.160
MinimumVisualStudioVersion = 10.0.40219.1
Project("{FAE04EC0-301F-11D3-BF4B-00C04F79EFBC}") = "desafio", "desafio\desafio.csproj", "{F61A2FAC-E8CC-4D31-8660-3DC2A6FE5034}"
EndProject
Global
	GlobalSection(SolutionConfigurationPlatforms) = preSolution
		Debug|Any CPU = Debug|Any CPU
		Release|Any CPU = Release|Any CPU
	EndGlobalSection
	GlobalSection(ProjectConfigurationPlatforms) = postSolution
		{F61A2FAC-E8CC-4D31-8660-3DC2A6FE5034}.Debug|Any CPU.ActiveCfg = Debug|Any CPU
		{F61A2FAC-E8CC-4D31-8660-3DC2A6FE5034}.Debug|Any CPU.Build.0 = Debug|Any CPU
		{F61A2FAC-E8CC-4D31-8660-3DC2A6FE5034}.Release|Any CPU.ActiveCfg = Release|Any CPU
		{F61A2FAC-E8CC-4D31-8660-3DC2A6FE5034}.Release|Any CPU.Build.0 = Release|Any CPU
	EndGlobalSection
	GlobalSection(SolutionProperties) = preSolution
		HideSolutionNode = FALSE
	EndGlobalSection
	GlobalSection(ExtensibilityGlobals) = postSolution
		SolutionGuid = {269A5DC8-1B83-4CBA-9F57-452E4F3D72A6}
	EndGlobalSection
EndGlobal
